
Microsoft Visual Studio Solution File, Format Version 12.00
# Visual Studio Version 17
VisualStudioVersion = 17.14.36915.13 d17.14
MinimumVisualStudioVersion = 10.0.40219.1
Project("{FAE04EC0-301F-11D3-BF4B-00C04F79EFBC}") = "BingoMaster", "BingoMaster.csproj", "{B6C5CA49-3550-421C-98B8-CF2E0F103FB8}"
EndProject
Global
	GlobalSection(SolutionConfigurationPlatforms) = preSolution
		Debug|Any CPU = Debug|Any CPU
		Release|Any CPU = Release|Any CPU
	EndGlobalSection
	GlobalSection(ProjectConfigurationPlatforms) = postSolution
		{B6C5CA49-3550-421C-98B8-CF2E0F103FB8}.Debug|Any CPU.ActiveCfg = Debug|Any CPU
		{B6C5CA49-3550-421C-98B8-CF2E0F103FB8}.Debug|Any CPU.Build.0 = Debug|Any CPU
		{B6C5CA49-3550-421C-98B8-CF2E0F103FB8}.Release|Any CPU.ActiveCfg = Release|Any CPU
		{B6C5CA49-3550-421C-98B8-CF2E0F103FB8}.Release|Any CPU.Build.0 = Release|Any CPU
	EndGlobalSection
	GlobalSection(SolutionProperties) = preSolution
		HideSolutionNode = FALSE
	EndGlobalSection
	GlobalSection(ExtensibilityGlobals) = postSolution
		SolutionGuid = {30EFD2B8-A3F4-46CC-89B4-10D436953AFB}
	EndGlobalSection
EndGlobal
